
Microsoft Visual Studio Solution File, Format Version 12.00
# Visual Studio Version 17
VisualStudioVersion = 17.13.35931.197 d17.13
MinimumVisualStudioVersion = 10.0.40219.1
Project("{FAE04EC0-301F-11D3-BF4B-00C04F79EFBC}") = "Gift of the Givers Foundation Website", "Gift of the Givers Foundation Website\Gift of the Givers Foundation Website.csproj", "{A0F58E73-8DB1-46A6-AB6A-A70723715D2A}"
EndProject
Global
	GlobalSection(SolutionConfigurationPlatforms) = preSolution
		Debug|Any CPU = Debug|Any CPU
		Release|Any CPU = Release|Any CPU
	EndGlobalSection
	GlobalSection(ProjectConfigurationPlatforms) = postSolution
		{A0F58E73-8DB1-46A6-AB6A-A70723715D2A}.Debug|Any CPU.ActiveCfg = Debug|Any CPU
		{A0F58E73-8DB1-46A6-AB6A-A70723715D2A}.Debug|Any CPU.Build.0 = Debug|Any CPU
		{A0F58E73-8DB1-46A6-AB6A-A70723715D2A}.Release|Any CPU.ActiveCfg = Release|Any CPU
		{A0F58E73-8DB1-46A6-AB6A-A70723715D2A}.Release|Any CPU.Build.0 = Release|Any CPU
	EndGlobalSection
	GlobalSection(SolutionProperties) = preSolution
		HideSolutionNode = FALSE
	EndGlobalSection
	GlobalSection(ExtensibilityGlobals) = postSolution
		SolutionGuid = {A2A2CF1E-27FF-4776-83DF-97177E037002}
	EndGlobalSection
EndGlobal
